// !$*UTF8*$!
{
	archiveVersion = 1;
	classes = {
	};
	objectVersion = 50;
	objects = {

/* Begin PBXBuildFile section */
		1A1302AC24CFE3290085BB4A /* beep-07.wav in Resources */ = {isa = PBXBuildFile; fileRef = 1A1302AB24CFE3290085BB4A /* beep-07.wav */; };
		1A1302B124CFE8ED0085BB4A /* metal_gong copy.wav in Resources */ = {isa = PBXBuildFile; fileRef = 1A1302AF24CFE8EC0085BB4A /* metal_gong copy.wav */; };
		1A1302B224CFE8ED0085BB4A /* electronic_chime copy.wav in Resources */ = {isa = PBXBuildFile; fileRef = 1A1302B024CFE8EC0085BB4A /* electronic_chime copy.wav */; };
		1AAA766A24CF86C400A82AF0 /* AppDelegate.swift in Sources */ = {isa = PBXBuildFile; fileRef = 1AAA766924CF86C400A82AF0 /* AppDelegate.swift */; };
		1AAA766C24CF86C400A82AF0 /* SceneDelegate.swift in Sources */ = {isa = PBXBuildFile; fileRef = 1AAA766B24CF86C400A82AF0 /* SceneDelegate.swift */; };
		1AAA766E24CF86C400A82AF0 /* ContentView.swift in Sources */ = {isa = PBXBuildFile; fileRef = 1AAA766D24CF86C400A82AF0 /* ContentView.swift */; };
		1AAA767024CF86C700A82AF0 /* Assets.xcassets in Resources */ = {isa = PBXBuildFile; fileRef = 1AAA766F24CF86C700A82AF0 /* Assets.xcassets */; };
		1AAA767324CF86C700A82AF0 /* Preview Assets.xcassets in Resources */ = {isa = PBXBuildFile; fileRef = 1AAA767224CF86C700A82AF0 /* Preview Assets.xcassets */; };
		1AAA767624CF86C700A82AF0 /* LaunchScreen.storyboard in Resources */ = {isa = PBXBuildFile; fileRef = 1AAA767424CF86C700A82AF0 /* LaunchScreen.storyboard */; };
/* End PBXBuildFile section */

/* Begin PBXFileReference section */
		1A1302AB24CFE3290085BB4A /* beep-07.wav */ = {isa = PBXFileReference; lastKnownFileType = audio.wav; path = "beep-07.wav"; sourceTree = "<group>"; };
		1A1302AF24CFE8EC0085BB4A /* metal_gong copy.wav */ = {isa = PBXFileReference; lastKnownFileType = audio.wav; path = "metal_gong copy.wav"; sourceTree = "<group>"; };
		1A1302B024CFE8EC0085BB4A /* electronic_chime copy.wav */ = {isa = PBXFileReference; lastKnownFileType = audio.wav; path = "electronic_chime copy.wav"; sourceTree = "<group>"; };
		1AAA766624CF86C400A82AF0 /* workoutTimer.app */ = {isa = PBXFileReference; explicitFileType = wrapper.application; includeInIndex = 0; path = workoutTimer.app; sourceTree = BUILT_PRODUCTS_DIR; };
		1AAA766924CF86C400A82AF0 /* AppDelegate.swift */ = {isa = PBXFileReference; lastKnownFileType = sourcecode.swift; path = AppDelegate.swift; sourceTree = "<group>"; };
		1AAA766B24CF86C400A82AF0 /* SceneDelegate.swift */ = {isa = PBXFileReference; lastKnownFileType = sourcecode.swift; path = SceneDelegate.swift; sourceTree = "<group>"; };
		1AAA766D24CF86C400A82AF0 /* ContentView.swift */ = {isa = PBXFileReference; lastKnownFileType = sourcecode.swift; path = ContentView.swift; sourceTree = "<group>"; };
		1AAA766F24CF86C700A82AF0 /* Assets.xcassets */ = {isa = PBXFileReference; lastKnownFileType = folder.assetcatalog; path = Assets.xcassets; sourceTree = "<group>"; };
		1AAA767224CF86C700A82AF0 /* Preview Assets.xcassets */ = {isa = PBXFileReference; lastKnownFileType = folder.assetcatalog; path = "Preview Assets.xcassets"; sourceTree = "<group>"; };
		1AAA767524CF86C700A82AF0 /* Base */ = {isa = PBXFileReference; lastKnownFileType = file.storyboard; name = Base; path = Base.lproj/LaunchScreen.storyboard; sourceTree = "<group>"; };
		1AAA767724CF86C700A82AF0 /* Info.plist */ = {isa = PBXFileReference; lastKnownFileType = text.plist.xml; path = Info.plist; sourceTree = "<group>"; };
/* End PBXFileReference section */

/* Begin PBXFrameworksBuildPhase section */
		1AAA766324CF86C400A82AF0 /* Frameworks */ = {
			isa = PBXFrameworksBuildPhase;
			buildActionMask = 2147483647;
			files = (
			);
			runOnlyForDeploymentPostprocessing = 0;
		};
/* End PBXFrameworksBuildPhase section */

/* Begin PBXGroup section */
		1A1302AA24CFE3290085BB4A /* soundBite */ = {
			isa = PBXGroup;
			children = (
				1A1302AF24CFE8EC0085BB4A /* metal_gong copy.wav */,
				1A1302B024CFE8EC0085BB4A /* electronic_chime copy.wav */,
				1A1302AB24CFE3290085BB4A /* beep-07.wav */,
			);
			name = soundBite;
			path = ../../soundBite;
			sourceTree = "<group>";
		};
		1AAA765D24CF86C400A82AF0 = {
			isa = PBXGroup;
			children = (
				1AAA766824CF86C400A82AF0 /* workoutTimer */,
				1AAA766724CF86C400A82AF0 /* Products */,
			);
			sourceTree = "<group>";
		};
		1AAA766724CF86C400A82AF0 /* Products */ = {
			isa = PBXGroup;
			children = (
				1AAA766624CF86C400A82AF0 /* workoutTimer.app */,
			);
			name = Products;
			sourceTree = "<group>";
		};
		1AAA766824CF86C400A82AF0 /* workoutTimer */ = {
			isa = PBXGroup;
			children = (
				1A1302AA24CFE3290085BB4A /* soundBite */,
				1AAA766924CF86C400A82AF0 /* AppDelegate.swift */,
				1AAA766B24CF86C400A82AF0 /* SceneDelegate.swift */,
				1AAA766D24CF86C400A82AF0 /* ContentView.swift */,
				1AAA766F24CF86C700A82AF0 /* Assets.xcassets */,
				1AAA767424CF86C700A82AF0 /* LaunchScreen.storyboard */,
				1AAA767724CF86C700A82AF0 /* Info.plist */,
				1AAA767124CF86C700A82AF0 /* Preview Content */,
			);
			path = workoutTimer;
			sourceTree = "<group>";
		};
		1AAA767124CF86C700A82AF0 /* Preview Content */ = {
			isa = PBXGroup;
			children = (
				1AAA767224CF86C700A82AF0 /* Preview Assets.xcassets */,
			);
			path = "Preview Content";
			sourceTree = "<group>";
		};
/* End PBXGroup section */

/* Begin PBXNativeTarget section */
		1AAA766524CF86C400A82AF0 /* workoutTimer */ = {
			isa = PBXNativeTarget;
			buildConfigurationList = 1AAA767A24CF86C700A82AF0 /* Build configuration list for PBXNativeTarget "workoutTimer" */;
			buildPhases = (
				1AAA766224CF86C400A82AF0 /* Sources */,
				1AAA766324CF86C400A82AF0 /* Frameworks */,
				1AAA766424CF86C400A82AF0 /* Resources */,
			);
			buildRules = (
			);
			dependencies = (
			);
			name = workoutTimer;
			productName = workoutTimer;
			productReference = 1AAA766624CF86C400A82AF0 /* workoutTimer.app */;
			productType = "com.apple.product-type.application";
		};
/* End PBXNativeTarget section */

/* Begin PBXProject section */
		1AAA765E24CF86C400A82AF0 /* Project object */ = {
			isa = PBXProject;
			attributes = {
				LastSwiftUpdateCheck = 1160;
				LastUpgradeCheck = 1160;
				ORGANIZATIONNAME = "Jude Willis";
				TargetAttributes = {
					1AAA766524CF86C400A82AF0 = {
						CreatedOnToolsVersion = 11.6;
					};
				};
			};
			buildConfigurationList = 1AAA766124CF86C400A82AF0 /* Build configuration list for PBXProject "workoutTimer" */;
			compatibilityVersion = "Xcode 9.3";
			developmentRegion = en;
			hasScannedForEncodings = 0;
			knownRegions = (
				en,
				Base,
			);
			mainGroup = 1AAA765D24CF86C400A82AF0;
			productRefGroup = 1AAA766724CF86C400A82AF0 /* Products */;
			projectDirPath = "";
			projectRoot = "";
			targets = (
				1AAA766524CF86C400A82AF0 /* workoutTimer */,
			);
		};
/* End PBXProject section */

/* Begin PBXResourcesBuildPhase section */
		1AAA766424CF86C400A82AF0 /* Resources */ = {
			isa = PBXResourcesBuildPhase;
			buildActionMask = 2147483647;
			files = (
				1AAA767624CF86C700A82AF0 /* LaunchScreen.storyboard in Resources */,
				1A1302B124CFE8ED0085BB4A /* metal_gong copy.wav in Resources */,
				1AAA767324CF86C700A82AF0 /* Preview Assets.xcassets in Resources */,
				1A1302B224CFE8ED0085BB4A /* electronic_chime copy.wav in Resources */,
				1AAA767024CF86C700A82AF0 /* Assets.xcassets in Resources */,
				1A1302AC24CFE3290085BB4A /* beep-07.wav in Resources */,
			);
			runOnlyForDeploymentPostprocessing = 0;
		};
/* End PBXResourcesBuildPhase section */

/* Begin PBXSourcesBuildPhase section */
		1AAA766224CF86C400A82AF0 /* Sources */ = {
			isa = PBXSourcesBuildPhase;
			buildActionMask = 2147483647;
			files = (
				1AAA766A24CF86C400A82AF0 /* AppDelegate.swift in Sources */,
				1AAA766C24CF86C400A82AF0 /* SceneDelegate.swift in Sources */,
				1AAA766E24CF86C400A82AF0 /* ContentView.swift in Sources */,
			);
			runOnlyForDeploymentPostprocessing = 0;
		};
/* End PBXSourcesBuildPhase section */

/* Begin PBXVariantGroup section */
		1AAA767424CF86C700A82AF0 /* LaunchScreen.storyboard */ = {
			isa = PBXVariantGroup;
			children = (
				1AAA767524CF86C700A82AF0 /* Base */,
			);
			name = LaunchScreen.storyboard;
			sourceTree = "<group>";
		};
/* End PBXVariantGroup section */

/* Begin XCBuildConfiguration section */
		1AAA767824CF86C700A82AF0 /* Debug */ = {
			isa = XCBuildConfiguration;
			buildSettings = {
				ALWAYS_SEARCH_USER_PATHS = NO;
				CLANG_ANALYZER_NONNULL = YES;
				CLANG_ANALYZER_NUMBER_OBJECT_CONVERSION = YES_AGGRESSIVE;
				CLANG_CXX_LANGUAGE_STANDARD = "gnu++14";
				CLANG_CXX_LIBRARY = "libc++";
				CLANG_ENABLE_MODULES = YES;
				CLANG_ENABLE_OBJC_ARC = YES;
				CLANG_ENABLE_OBJC_WEAK = YES;
				CLANG_WARN_BLOCK_CAPTURE_AUTORELEASING = YES;
				CLANG_WARN_BOOL_CONVERSION = YES;
				CLANG_WARN_COMMA = YES;
				CLANG_WARN_CONSTANT_CONVERSION = YES;
				CLANG_WARN_DEPRECATED_OBJC_IMPLEMENTATIONS = YES;
				CLANG_WARN_DIRECT_OBJC_ISA_USAGE = YES_ERROR;
				CLANG_WARN_DOCUMENTATION_COMMENTS = YES;
				CLANG_WARN_EMPTY_BODY = YES;
				CLANG_WARN_ENUM_CONVERSION = YES;
				CLANG_WARN_INFINITE_RECURSION = YES;
				CLANG_WARN_INT_CONVERSION = YES;
				CLANG_WARN_NON_LITERAL_NULL_CONVERSION = YES;
				CLANG_WARN_OBJC_IMPLICIT_RETAIN_SELF = YES;
				CLANG_WARN_OBJC_LITERAL_CONVERSION = YES;
				CLANG_WARN_OBJC_ROOT_CLASS = YES_ERROR;
				CLANG_WARN_RANGE_LOOP_ANALYSIS = YES;
				CLANG_WARN_STRICT_PROTOTYPES = YES;
				CLANG_WARN_SUSPICIOUS_MOVE = YES;
				CLANG_WARN_UNGUARDED_AVAILABILITY = YES_AGGRESSIVE;
				CLANG_WARN_UNREACHABLE_CODE = YES;
				CLANG_WARN__DUPLICATE_METHOD_MATCH = YES;
				COPY_PHASE_STRIP = NO;
				DEBUG_INFORMATION_FORMAT = dwarf;
				ENABLE_STRICT_OBJC_MSGSEND = YES;
				ENABLE_TESTABILITY = YES;
				GCC_C_LANGUAGE_STANDARD = gnu11;
				GCC_DYNAMIC_NO_PIC = NO;
				GCC_NO_COMMON_BLOCKS = YES;
				GCC_OPTIMIZATION_LEVEL = 0;
				GCC_PREPROCESSOR_DEFINITIONS = (
					"DEBUG=1",
					"$(inherited)",
				);
				GCC_WARN_64_TO_32_BIT_CONVERSION = YES;
				GCC_WARN_ABOUT_RETURN_TYPE = YES_ERROR;
				GCC_WARN_UNDECLARED_SELECTOR = YES;
				GCC_WARN_UNINITIALIZED_AUTOS = YES_AGGRESSIVE;
				GCC_WARN_UNUSED_FUNCTION = YES;
				GCC_WARN_UNUSED_VARIABLE = YES;
				IPHONEOS_DEPLOYMENT_TARGET = 13.6;
				MTL_ENABLE_DEBUG_INFO = INCLUDE_SOURCE;
				MTL_FAST_MATH = YES;
				ONLY_ACTIVE_ARCH = YES;
				SDKROOT = iphoneos;
				SWIFT_ACTIVE_COMPILATION_CONDITIONS = DEBUG;
				SWIFT_OPTIMIZATION_LEVEL = "-Onone";
			};
			name = Debug;
		};
		1AAA767924CF86C700A82AF0 /* Release */ = {
			isa = XCBuildConfiguration;
			buildSettings = {
				ALWAYS_SEARCH_USER_PATHS = NO;
				CLANG_ANALYZER_NONNULL = YES;
				CLANG_ANALYZER_NUMBER_OBJECT_CONVERSION = YES_AGGRESSIVE;
				CLANG_CXX_LANGUAGE_STANDARD = "gnu++14";
				CLANG_CXX_LIBRARY = "libc++";
				CLANG_ENABLE_MODULES = YES;
				CLANG_ENABLE_OBJC_ARC = YES;
				CLANG_ENABLE_OBJC_WEAK = YES;
				CLANG_WARN_BLOCK_CAPTURE_AUTORELEASING = YES;
				CLANG_WARN_BOOL_CONVERSION = YES;
				CLANG_WARN_COMMA = YES;
				CLANG_WARN_CONSTANT_CONVERSION = YES;
				CLANG_WARN_DEPRECATED_OBJC_IMPLEMENTATIONS = YES;
				CLANG_WARN_DIRECT_OBJC_ISA_USAGE = YES_ERROR;
				CLANG_WARN_DOCUMENTATION_COMMENTS = YES;
				CLANG_WARN_EMPTY_BODY = YES;
				CLANG_WARN_ENUM_CONVERSION = YES;
				CLANG_WARN_INFINITE_RECURSION = YES;
				CLANG_WARN_INT_CONVERSION = YES;
				CLANG_WARN_NON_LITERAL_NULL_CONVERSION = YES;
				CLANG_WARN_OBJC_IMPLICIT_RETAIN_SELF = YES;
				CLANG_WARN_OBJC_LITERAL_CONVERSION = YES;
				CLANG_WARN_OBJC_ROOT_CLASS = YES_ERROR;
				CLANG_WARN_RANGE_LOOP_ANALYSIS = YES;
				CLANG_WARN_STRICT_PROTOTYPES = YES;
				CLANG_WARN_SUSPICIOUS_MOVE = YES;
				CLANG_WARN_UNGUARDED_AVAILABILITY = YES_AGGRESSIVE;
				CLANG_WARN_UNREACHABLE_CODE = YES;
				CLANG_WARN__DUPLICATE_METHOD_MATCH = YES;
				COPY_PHASE_STRIP = NO;
				DEBUG_INFORMATION_FORMAT = "dwarf-with-dsym";
				ENABLE_NS_ASSERTIONS = NO;
				ENABLE_STRICT_OBJC_MSGSEND = YES;
				GCC_C_LANGUAGE_STANDARD = gnu11;
				GCC_NO_COMMON_BLOCKS = YES;
				GCC_WARN_64_TO_32_BIT_CONVERSION = YES;
				GCC_WARN_ABOUT_RETURN_TYPE = YES_ERROR;
				GCC_WARN_UNDECLARED_SELECTOR = YES;
				GCC_WARN_UNINITIALIZED_AUTOS = YES_AGGRESSIVE;
				GCC_WARN_UNUSED_FUNCTION = YES;
				GCC_WARN_UNUSED_VARIABLE = YES;
				IPHONEOS_DEPLOYMENT_TARGET = 13.6;
				MTL_ENABLE_DEBUG_INFO = NO;
				MTL_FAST_MATH = YES;
				SDKROOT = iphoneos;
				SWIFT_COMPILATION_MODE = wholemodule;
				SWIFT_OPTIMIZATION_LEVEL = "-O";
				VALIDATE_PRODUCT = YES;
			};
			name = Release;
		};
		1AAA767B24CF86C700A82AF0 /* Debug */ = {
			isa = XCBuildConfiguration;
			buildSettings = {
				ASSETCATALOG_COMPILER_APPICON_NAME = AppIcon;
				CODE_SIGN_STYLE = Automatic;
				DEVELOPMENT_ASSET_PATHS = "\"workoutTimer/Preview Content\"";
				DEVELOPMENT_TEAM = 66SUP2WY2T;
				ENABLE_PREVIEWS = YES;
				INFOPLIST_FILE = workoutTimer/Info.plist;
				IPHONEOS_DEPLOYMENT_TARGET = 13.5;
				LD_RUNPATH_SEARCH_PATHS = (
					"$(inherited)",
					"@executable_path/Frameworks",
				);
				PRODUCT_BUNDLE_IDENTIFIER = com.example.workoutTimerS;
				PRODUCT_NAME = "$(TARGET_NAME)";
				SWIFT_VERSION = 5.0;
				TARGETED_DEVICE_FAMILY = "1,2";
			};
			name = Debug;
		};
		1AAA767C24CF86C700A82AF0 /* Release */ = {
			isa = XCBuildConfiguration;
			buildSettings = {
				ASSETCATALOG_COMPILER_APPICON_NAME = AppIcon;
				CODE_SIGN_STYLE = Automatic;
				DEVELOPMENT_ASSET_PATHS = "\"workoutTimer/Preview Content\"";
				DEVELOPMENT_TEAM = 66SUP2WY2T;
				ENABLE_PREVIEWS = YES;
				INFOPLIST_FILE = workoutTimer/Info.plist;
				IPHONEOS_DEPLOYMENT_TARGET = 13.5;
				LD_RUNPATH_SEARCH_PATHS = (
					"$(inherited)",
					"@executable_path/Frameworks",
				);
				PRODUCT_BUNDLE_IDENTIFIER = com.example.workoutTimerS;
				PRODUCT_NAME = "$(TARGET_NAME)";
				SWIFT_VERSION = 5.0;
				TARGETED_DEVICE_FAMILY = "1,2";
			};
			name = Release;
		};
/* End XCBuildConfiguration section */

/* Begin XCConfigurationList section */
		1AAA766124CF86C400A82AF0 /* Build configuration list for PBXProject "workoutTimer" */ = {
			isa = XCConfigurationList;
			buildConfigurations = (
				1AAA767824CF86C700A82AF0 /* Debug */,
				1AAA767924CF86C700A82AF0 /* Release */,
			);
			defaultConfigurationIsVisible = 0;
			defaultConfigurationName = Release;
		};
		1AAA767A24CF86C700A82AF0 /* Build configuration list for PBXNativeTarget "workoutTimer" */ = {
			isa = XCConfigurationList;
			buildConfigurations = (
				1AAA767B24CF86C700A82AF0 /* Debug */,
				1AAA767C24CF86C700A82AF0 /* Release */,
			);
			defaultConfigurationIsVisible = 0;
			defaultConfigurationName = Release;
		};
/* End XCConfigurationList section */
	};
	rootObject = 1AAA765E24CF86C400A82AF0 /* Project object */;
}
